# Immutable Plane Community Edition images
# renovate: datasource=docker depName=makeplane/plane-frontend versioning=docker
PLANE_FRONTEND_IMAGE_TAG=makeplane/plane-frontend:v1.3.1
PLANE_FRONTEND_IMAGE_DIGEST=sha256:c178fd85c4588165262cfe748bd103fdeccebbbab827c53e71b9ce32fff84f86
# renovate: datasource=docker depName=makeplane/plane-space versioning=docker
PLANE_SPACE_IMAGE_TAG=makeplane/plane-space:v1.3.1
PLANE_SPACE_IMAGE_DIGEST=sha256:e08c2c8741ae6f81a9326dc9201e7e09c0c411b87a20198f9ea9e5cf2fae3488
# renovate: datasource=docker depName=makeplane/plane-admin versioning=docker
PLANE_ADMIN_IMAGE_TAG=makeplane/plane-admin:v1.3.1
PLANE_ADMIN_IMAGE_DIGEST=sha256:ff9219127a2c2c4a4bb066d6a0e25a5fc6a11204cf8484b521dada53d696fe43
# renovate: datasource=docker depName=makeplane/plane-live versioning=docker
PLANE_LIVE_IMAGE_TAG=makeplane/plane-live:v1.3.1
PLANE_LIVE_IMAGE_DIGEST=sha256:2073b6950a394545ea1db6ed4157e951ad5a6e1881e74f4f9238ace6c35bbf3d
# renovate: datasource=docker depName=makeplane/plane-backend versioning=docker
PLANE_BACKEND_IMAGE_TAG=makeplane/plane-backend:v1.3.1
PLANE_BACKEND_IMAGE_DIGEST=sha256:2cdcb5f778c6ccacebce0e5a751d39fac4a549a44e049a5b110a7623cfdad139
# renovate: datasource=docker depName=makeplane/plane-proxy versioning=docker
PLANE_PROXY_IMAGE_TAG=makeplane/plane-proxy:v1.3.1
PLANE_PROXY_IMAGE_DIGEST=sha256:b4f8bb6998052dcd1488171a90d473674cefbc6ec77114d5095b48c805f4ad27
PLANE_VERSION=1.3.1

# Immutable infrastructure images from the official Plane Compose architecture
# renovate: datasource=docker depName=postgres versioning=docker
PLANE_POSTGRES_IMAGE_TAG=postgres:15.7-alpine
PLANE_POSTGRES_IMAGE_DIGEST=sha256:468d34fefd6338031787c7b8e94078975b3aaf4d66c7ead25c39cd3ba46a15c6
PLANE_POSTGRES_VERSION=15.7
# renovate: datasource=docker depName=valkey/valkey versioning=docker
PLANE_VALKEY_IMAGE_TAG=valkey/valkey:7.2.11-alpine
PLANE_VALKEY_IMAGE_DIGEST=sha256:10328d00120dc14fbc87b2ed61b7677ddbb0d011e705361b4788329a0ec69a93
PLANE_VALKEY_VERSION=7.2.11
# renovate: datasource=docker depName=rabbitmq versioning=docker
PLANE_RABBITMQ_IMAGE_TAG=rabbitmq:3.13.6-management-alpine
PLANE_RABBITMQ_IMAGE_DIGEST=sha256:611107e29cce05c2acd968325d5dcbde7e2fee404970f1ead75fdb22be2821b3
PLANE_RABBITMQ_VERSION=3.13.6
# renovate: datasource=docker depName=minio/minio versioning=docker
PLANE_MINIO_IMAGE_TAG=minio/minio:RELEASE.2025-09-07T16-13-09Z
PLANE_MINIO_IMAGE_DIGEST=sha256:14cea493d9a34af32f524e538b8346cf79f3321eff8e708c1e2960462bd8936e
PLANE_MINIO_VERSION=RELEASE.2025-09-07T16-13-09Z
