# Immutable container images
JENKINS_CONTROLLER_BASE_TAG=jenkins/jenkins:lts-jdk25
JENKINS_CONTROLLER_BASE_DIGEST=sha256:7644ea9234727bec75eaf24864a5c42c16052a85c81fddbebd5932b491e33118
JENKINS_VERSION=2.568.1
JENKINS_INBOUND_AGENT_TAG=jenkins/inbound-agent:3355.v388858a_47b_33-14-jdk21
JENKINS_INBOUND_AGENT_DIGEST=sha256:0d19619d2993f0809cb080a49136832305d2d568c2dcf84705039aac5258c7fc
JENKINS_INBOUND_AGENT_VERSION=3355.v388858a_47b_33-14
DOCKER_SOCKET_PROXY_TAG=ghcr.io/tecnativa/docker-socket-proxy:v0.4.2
DOCKER_SOCKET_PROXY_DIGEST=sha256:1f3a6f303320723d199d2316a3e82b2e2685d86c275d5e3deeaf182573b47476
DOCKER_SOCKET_PROXY_VERSION=0.4.2

# Locally built image names
JENKINS_CONTROLLER_IMAGE=ivomika/jenkins:0.1
NODEJS_AGENT_IMAGE=ivomika/nodejs-agent:local
JAVA_AGENT_IMAGE=ivomika/java-agent:local
FLUTTER_AGENT_IMAGE=ivomika/flutter-agent:local

# Immutable Debian snapshots and direct package versions
DEBIAN_CONTROLLER_SNAPSHOT=20260623T000000Z
DEBIAN_AGENT_SNAPSHOT=20260202T000000Z
DEBIAN_CA_CERTIFICATES_VERSION=20250419
DEBIAN_CURL_VERSION=8.14.1-2+deb13u2
DEBIAN_GIT_VERSION=1:2.47.3-0+deb13u1
DEBIAN_OPENSSH_CLIENT_VERSION=1:10.0p1-7+deb13u4
DEBIAN_LIBGLU1_MESA_VERSION=9.0.2-1.1+b3
DEBIAN_LIBSQLITE3_DEV_VERSION=3.46.1-7
DEBIAN_UNZIP_VERSION=6.0-29
DEBIAN_XZ_UTILS_VERSION=5.8.1-1
DEBIAN_ZIP_VERSION=3.0-15

# Node.js
NODE_VERSION=24.18.0
NODE_LINUX_X64_URL=https://nodejs.org/dist/v24.18.0/node-v24.18.0-linux-x64.tar.xz
NODE_LINUX_X64_SHA256=55aa7153f9d88f28d765fcdad5ae6945b5c0f98a36881703817e4c450fa76742
NODE_LINUX_ARM64_URL=https://nodejs.org/dist/v24.18.0/node-v24.18.0-linux-arm64.tar.xz
NODE_LINUX_ARM64_SHA256=58c9520501f6ae2b52d5b210444e24b9d0c029a58c5011b797bc1fe7105886f6

# Maven
MAVEN_VERSION=3.9.16
MAVEN_URL=https://downloads.apache.org/maven/maven-3/3.9.16/binaries/apache-maven-3.9.16-bin.tar.gz
MAVEN_ARCHIVE_SHA512=831a8591fe20c8243b1dbe7d71e3244f31d1665b0804b2e825e38cbbe5ce0cafb8338851f90780735568773e0a6cd07bbec107cda0b896b008b861075358b6f6

# Flutter and Android SDK
FLUTTER_VERSION=3.44.0
FLUTTER_URL=https://storage.googleapis.com/flutter_infra_release/releases/stable/linux/flutter_linux_3.44.0-stable.tar.xz
FLUTTER_ARCHIVE_SHA256=e1ec95e6c550458a34de93580cb85dac24da0e9bedb9bb42811f050ac5a0c7d5
ANDROID_COMMAND_LINE_TOOLS_VERSION=13114758
ANDROID_COMMAND_LINE_TOOLS_URL=https://dl.google.com/android/repository/commandlinetools-linux-13114758_latest.zip
ANDROID_COMMAND_LINE_TOOLS_SHA256=7ec965280a073311c339e571cd5de778b9975026cfcbe79f2b1cdcb1e15317ee
ANDROID_PLATFORM_VERSION=36
ANDROID_BUILD_TOOLS_VERSION=36.0.0
